
Microsoft Visual Studio Solution File, Format Version 12.00
# Visual Studio Version 18
VisualStudioVersion = 18.4.11620.152 stable
MinimumVisualStudioVersion = 10.0.40219.1
Project("{888888A0-9F3D-457C-B088-3A5042F75D52}") = "Enteacher", "Enteacher.pyproj", "{78B1AD1B-34C9-4FAB-A338-89E3AEF791B4}"
EndProject
Global
	GlobalSection(SolutionConfigurationPlatforms) = preSolution
		Debug|Any CPU = Debug|Any CPU
		Release|Any CPU = Release|Any CPU
	EndGlobalSection
	GlobalSection(ProjectConfigurationPlatforms) = postSolution
		{78B1AD1B-34C9-4FAB-A338-89E3AEF791B4}.Debug|Any CPU.ActiveCfg = Debug|Any CPU
		{78B1AD1B-34C9-4FAB-A338-89E3AEF791B4}.Release|Any CPU.ActiveCfg = Release|Any CPU
	EndGlobalSection
	GlobalSection(SolutionProperties) = preSolution
		HideSolutionNode = FALSE
	EndGlobalSection
	GlobalSection(ExtensibilityGlobals) = postSolution
		SolutionGuid = {F4CFBEA1-64F2-428B-B6DC-8C1144EF1E62}
	EndGlobalSection
EndGlobal
